
Microsoft Visual Studio Solution File, Format Version 11.00
# Visual Studio 2010
Project("{FAE04EC0-301F-11D3-BF4B-00C04F79EFBC}") = "SPQR", "Assembly-CSharp.csproj", "{3D6440E5-C614-E373-9E71-95C0D1EBB66D}"
EndProject
Project("{FAE04EC0-301F-11D3-BF4B-00C04F79EFBC}") = "SPQR", "Assembly-CSharp-Editor.csproj", "{A38E623E-3AE7-52CE-E22D-CE45CB3BB752}"
EndProject
Global
	GlobalSection(SolutionConfigurationPlatforms) = preSolution
		Debug|Any CPU = Debug|Any CPU
		Release|Any CPU = Release|Any CPU
	EndGlobalSection
	GlobalSection(ProjectConfigurationPlatforms) = postSolution
		{3D6440E5-C614-E373-9E71-95C0D1EBB66D}.Debug|Any CPU.ActiveCfg = Debug|Any CPU
		{3D6440E5-C614-E373-9E71-95C0D1EBB66D}.Debug|Any CPU.Build.0 = Debug|Any CPU
		{3D6440E5-C614-E373-9E71-95C0D1EBB66D}.Release|Any CPU.ActiveCfg = Release|Any CPU
		{3D6440E5-C614-E373-9E71-95C0D1EBB66D}.Release|Any CPU.Build.0 = Release|Any CPU
		{A38E623E-3AE7-52CE-E22D-CE45CB3BB752}.Debug|Any CPU.ActiveCfg = Debug|Any CPU
		{A38E623E-3AE7-52CE-E22D-CE45CB3BB752}.Debug|Any CPU.Build.0 = Debug|Any CPU
		{A38E623E-3AE7-52CE-E22D-CE45CB3BB752}.Release|Any CPU.ActiveCfg = Release|Any CPU
		{A38E623E-3AE7-52CE-E22D-CE45CB3BB752}.Release|Any CPU.Build.0 = Release|Any CPU
	EndGlobalSection
	GlobalSection(SolutionProperties) = preSolution
		HideSolutionNode = FALSE
	EndGlobalSection
	GlobalSection(MonoDevelopProperties) = preSolution
		StartupItem = Assembly-CSharp.csproj
	EndGlobalSection
EndGlobal
